
Microsoft Visual Studio Solution File, Format Version 12.00
# Visual Studio Version 16
VisualStudioVersion = 25.0.1705.7
MinimumVisualStudioVersion = 10.0.40219.1
Project("{FAE04EC0-301F-11D3-BF4B-00C04F79EFBC}") = "ExpenseMVC", "ExpenseMVC\ExpenseMVC.csproj", "{F08DA80F-C969-4544-8246-2C4D048C5216}"
EndProject
Global
	GlobalSection(SolutionConfigurationPlatforms) = preSolution
		Debug|Any CPU = Debug|Any CPU
		Release|Any CPU = Release|Any CPU
	EndGlobalSection
	GlobalSection(ProjectConfigurationPlatforms) = postSolution
		{F08DA80F-C969-4544-8246-2C4D048C5216}.Debug|Any CPU.ActiveCfg = Debug|Any CPU
		{F08DA80F-C969-4544-8246-2C4D048C5216}.Debug|Any CPU.Build.0 = Debug|Any CPU
		{F08DA80F-C969-4544-8246-2C4D048C5216}.Release|Any CPU.ActiveCfg = Release|Any CPU
		{F08DA80F-C969-4544-8246-2C4D048C5216}.Release|Any CPU.Build.0 = Release|Any CPU
	EndGlobalSection
	GlobalSection(SolutionProperties) = preSolution
		HideSolutionNode = FALSE
	EndGlobalSection
	GlobalSection(ExtensibilityGlobals) = postSolution
		SolutionGuid = {0392C78F-9616-4A40-AE16-9194F9A5884F}
	EndGlobalSection
EndGlobal
